
Microsoft Visual Studio Solution File, Format Version 12.00
# Visual Studio Version 17
VisualStudioVersion = 17.8.34525.116
MinimumVisualStudioVersion = 10.0.40219.1
Project("{FAE04EC0-301F-11D3-BF4B-00C04F79EFBC}") = "CMCS", "CMCS\CMCS.csproj", "{52D14092-1B3A-4EA8-AA3E-749EAD17CE26}"
EndProject
Global
	GlobalSection(SolutionConfigurationPlatforms) = preSolution
		Debug|Any CPU = Debug|Any CPU
		Release|Any CPU = Release|Any CPU
	EndGlobalSection
	GlobalSection(ProjectConfigurationPlatforms) = postSolution
		{52D14092-1B3A-4EA8-AA3E-749EAD17CE26}.Debug|Any CPU.ActiveCfg = Debug|Any CPU
		{52D14092-1B3A-4EA8-AA3E-749EAD17CE26}.Debug|Any CPU.Build.0 = Debug|Any CPU
		{52D14092-1B3A-4EA8-AA3E-749EAD17CE26}.Release|Any CPU.ActiveCfg = Release|Any CPU
		{52D14092-1B3A-4EA8-AA3E-749EAD17CE26}.Release|Any CPU.Build.0 = Release|Any CPU
	EndGlobalSection
	GlobalSection(SolutionProperties) = preSolution
		HideSolutionNode = FALSE
	EndGlobalSection
	GlobalSection(ExtensibilityGlobals) = postSolution
		SolutionGuid = {38E33EC6-FC95-4837-9513-B90644816F1F}
	EndGlobalSection
EndGlobal
